
Microsoft Visual Studio Solution File, Format Version 12.00
# Visual Studio Version 16
VisualStudioVersion = 16.0.32106.194
MinimumVisualStudioVersion = 10.0.40219.1
Project("{FAE04EC0-301F-11D3-BF4B-00C04F79EFBC}") = "ClassLibrary1", "ClassLibrary1\ClassLibrary1.csproj", "{89BD0C70-A3E5-4842-BE61-0A7BB4758252}"
EndProject
Global
	GlobalSection(SolutionConfigurationPlatforms) = preSolution
		Debug|Any CPU = Debug|Any CPU
		Debug|ARM = Debug|ARM
		Debug|ARM64 = Debug|ARM64
		Debug|x64 = Debug|x64
		Debug|x86 = Debug|x86
		Release|Any CPU = Release|Any CPU
		Release|ARM = Release|ARM
		Release|ARM64 = Release|ARM64
		Release|x64 = Release|x64
		Release|x86 = Release|x86
	EndGlobalSection
	GlobalSection(ProjectConfigurationPlatforms) = postSolution
		{89BD0C70-A3E5-4842-BE61-0A7BB4758252}.Debug|Any CPU.ActiveCfg = Debug|Any CPU
		{89BD0C70-A3E5-4842-BE61-0A7BB4758252}.Debug|Any CPU.Build.0 = Debug|Any CPU
		{89BD0C70-A3E5-4842-BE61-0A7BB4758252}.Debug|ARM.ActiveCfg = Debug|ARM
		{89BD0C70-A3E5-4842-BE61-0A7BB4758252}.Debug|ARM.Build.0 = Debug|ARM
		{89BD0C70-A3E5-4842-BE61-0A7BB4758252}.Debug|ARM64.ActiveCfg = Debug|ARM64
		{89BD0C70-A3E5-4842-BE61-0A7BB4758252}.Debug|ARM64.Build.0 = Debug|ARM64
		{89BD0C70-A3E5-4842-BE61-0A7BB4758252}.Debug|x64.ActiveCfg = Debug|x64
		{89BD0C70-A3E5-4842-BE61-0A7BB4758252}.Debug|x64.Build.0 = Debug|x64
		{89BD0C70-A3E5-4842-BE61-0A7BB4758252}.Debug|x86.ActiveCfg = Debug|x86
		{89BD0C70-A3E5-4842-BE61-0A7BB4758252}.Debug|x86.Build.0 = Debug|x86
		{89BD0C70-A3E5-4842-BE61-0A7BB4758252}.Release|Any CPU.ActiveCfg = Release|Any CPU
		{89BD0C70-A3E5-4842-BE61-0A7BB4758252}.Release|Any CPU.Build.0 = Release|Any CPU
		{89BD0C70-A3E5-4842-BE61-0A7BB4758252}.Release|ARM.ActiveCfg = Release|ARM
		{89BD0C70-A3E5-4842-BE61-0A7BB4758252}.Release|ARM.Build.0 = Release|ARM
		{89BD0C70-A3E5-4842-BE61-0A7BB4758252}.Release|ARM64.ActiveCfg = Release|ARM64
		{89BD0C70-A3E5-4842-BE61-0A7BB4758252}.Release|ARM64.Build.0 = Release|ARM64
		{89BD0C70-A3E5-4842-BE61-0A7BB4758252}.Release|x64.ActiveCfg = Release|x64
		{89BD0C70-A3E5-4842-BE61-0A7BB4758252}.Release|x64.Build.0 = Release|x64
		{89BD0C70-A3E5-4842-BE61-0A7BB4758252}.Release|x86.ActiveCfg = Release|x86
		{89BD0C70-A3E5-4842-BE61-0A7BB4758252}.Release|x86.Build.0 = Release|x86
	EndGlobalSection
	GlobalSection(SolutionProperties) = preSolution
		HideSolutionNode = FALSE
	EndGlobalSection
	GlobalSection(ExtensibilityGlobals) = postSolution
		SolutionGuid = {E63A7F45-B5C2-4E68-A701-A875F3672BAA}
	EndGlobalSection
EndGlobal
