
Microsoft Visual Studio Solution File, Format Version 12.00
# Visual Studio Version 16
VisualStudioVersion = 16.0.31624.102
MinimumVisualStudioVersion = 10.0.40219.1
Project("{FAE04EC0-301F-11D3-BF4B-00C04F79EFBC}") = "Obrazovanie_chernovik", "Obrazovanie_chernovik\Obrazovanie_chernovik.csproj", "{3E10F117-F1BE-49C8-9C78-9DD775A7C8D9}"
EndProject
Global
	GlobalSection(SolutionConfigurationPlatforms) = preSolution
		Debug|Any CPU = Debug|Any CPU
		Release|Any CPU = Release|Any CPU
	EndGlobalSection
	GlobalSection(ProjectConfigurationPlatforms) = postSolution
		{3E10F117-F1BE-49C8-9C78-9DD775A7C8D9}.Debug|Any CPU.ActiveCfg = Debug|Any CPU
		{3E10F117-F1BE-49C8-9C78-9DD775A7C8D9}.Debug|Any CPU.Build.0 = Debug|Any CPU
		{3E10F117-F1BE-49C8-9C78-9DD775A7C8D9}.Release|Any CPU.ActiveCfg = Release|Any CPU
		{3E10F117-F1BE-49C8-9C78-9DD775A7C8D9}.Release|Any CPU.Build.0 = Release|Any CPU
	EndGlobalSection
	GlobalSection(SolutionProperties) = preSolution
		HideSolutionNode = FALSE
	EndGlobalSection
	GlobalSection(ExtensibilityGlobals) = postSolution
		SolutionGuid = {40E6FAE2-99CC-4342-B594-A4DB9526F49E}
	EndGlobalSection
EndGlobal
